Microsoft Visual Studio Solution File, Format Version 1.00
Project("{66355F20-A65B-11D0-BFB5-00A0C91EBFA0}") = "JT", "JT.vjp", "{AD1359FA-7ED0-4AB8-98BA-DE23AA1E3BD9}"
EndProject
Global
	GlobalSection(LocalDeployment) = postSolution
		StartupProject = {AD1359FA-7ED0-4AB8-98BA-DE23AA1E3BD9}
	EndGlobalSection
	GlobalSection(BuildOrder) = postSolution
		0 = {AD1359FA-7ED0-4AB8-98BA-DE23AA1E3BD9}
	EndGlobalSection
	GlobalSection(DeploymentRoot) = postSolution
	EndGlobalSection
EndGlobal
